{
  "name": "Wrapper_for_CCPWGL2",
  "version": "0.0.3",
  "lockfileVersion": 1,
  "requires": true,
  "dependencies": {
    "ccpwgl2": {
      "version": "git+https://github.com/cppctamber/ccpwgl2.git#5405ad417f71ef734823751408271fb518e12660",
      "from": "git+https://github.com/cppctamber/ccpwgl2.git"
    }
  }
}
